
Microsoft Visual Studio Solution File, Format Version 12.00
# Visual Studio Version 16
VisualStudioVersion = 16.0.30621.155
MinimumVisualStudioVersion = 10.0.40219.1
Project("{9A19103F-16F7-4668-BE54-9A1E7A4F7556}") = "EasyAccomod.BackendApi", "EasyAccomod\EasyAccomod.BackendApi.csproj", "{78182BB4-19AB-405F-8673-5CF4FE6391F1}"
EndProject
Project("{9A19103F-16F7-4668-BE54-9A1E7A4F7556}") = "EasyAccomod.Core", "EasyAccomod.Core\EasyAccomod.Core.csproj", "{8A8B1CD1-BD6C-4E38-A0BC-ED3021EC1699}"
EndProject
Global
	GlobalSection(SolutionConfigurationPlatforms) = preSolution
		Debug|Any CPU = Debug|Any CPU
		Release|Any CPU = Release|Any CPU
	EndGlobalSection
	GlobalSection(ProjectConfigurationPlatforms) = postSolution
		{78182BB4-19AB-405F-8673-5CF4FE6391F1}.Debug|Any CPU.ActiveCfg = Debug|Any CPU
		{78182BB4-19AB-405F-8673-5CF4FE6391F1}.Debug|Any CPU.Build.0 = Debug|Any CPU
		{78182BB4-19AB-405F-8673-5CF4FE6391F1}.Release|Any CPU.ActiveCfg = Release|Any CPU
		{78182BB4-19AB-405F-8673-5CF4FE6391F1}.Release|Any CPU.Build.0 = Release|Any CPU
		{8A8B1CD1-BD6C-4E38-A0BC-ED3021EC1699}.Debug|Any CPU.ActiveCfg = Debug|Any CPU
		{8A8B1CD1-BD6C-4E38-A0BC-ED3021EC1699}.Debug|Any CPU.Build.0 = Debug|Any CPU
		{8A8B1CD1-BD6C-4E38-A0BC-ED3021EC1699}.Release|Any CPU.ActiveCfg = Release|Any CPU
		{8A8B1CD1-BD6C-4E38-A0BC-ED3021EC1699}.Release|Any CPU.Build.0 = Release|Any CPU
	EndGlobalSection
	GlobalSection(SolutionProperties) = preSolution
		HideSolutionNode = FALSE
	EndGlobalSection
	GlobalSection(ExtensibilityGlobals) = postSolution
		SolutionGuid = {342284F1-0B47-4E49-AF43-0D60B25A9C75}
	EndGlobalSection
EndGlobal
